
Microsoft Visual Studio Solution File, Format Version 12.00
# Visual Studio Version 16
VisualStudioVersion = 16.0.31424.327
MinimumVisualStudioVersion = 10.0.40219.1
Project("{FAE04EC0-301F-11D3-BF4B-00C04F79EFBC}") = "Juan_Taco_Tarea_S2.Android", "Juan_Taco_Tarea_S2.Android\Juan_Taco_Tarea_S2.Android.csproj", "{5228E218-E2D5-4668-9183-361339DDE627}"
EndProject
Project("{FAE04EC0-301F-11D3-BF4B-00C04F79EFBC}") = "Juan_Taco_Tarea_S2.iOS", "Juan_Taco_Tarea_S2.iOS\Juan_Taco_Tarea_S2.iOS.csproj", "{9EB1215B-520A-4D77-8F0F-C8F4EE4697BF}"
EndProject
Project("{FAE04EC0-301F-11D3-BF4B-00C04F79EFBC}") = "Juan_Taco_Tarea_S2", "Juan_Taco_Tarea_S2\Juan_Taco_Tarea_S2.csproj", "{FCE5FDF7-67C8-4B53-832E-0F3C8E596B14}"
EndProject
Global
	GlobalSection(SolutionConfigurationPlatforms) = preSolution
		Debug|Any CPU = Debug|Any CPU
		Debug|iPhone = Debug|iPhone
		Debug|iPhoneSimulator = Debug|iPhoneSimulator
		Release|Any CPU = Release|Any CPU
		Release|iPhone = Release|iPhone
		Release|iPhoneSimulator = Release|iPhoneSimulator
	EndGlobalSection
	GlobalSection(ProjectConfigurationPlatforms) = postSolution
		{5228E218-E2D5-4668-9183-361339DDE627}.Debug|Any CPU.ActiveCfg = Debug|Any CPU
		{5228E218-E2D5-4668-9183-361339DDE627}.Debug|Any CPU.Build.0 = Debug|Any CPU
		{5228E218-E2D5-4668-9183-361339DDE627}.Debug|Any CPU.Deploy.0 = Debug|Any CPU
		{5228E218-E2D5-4668-9183-361339DDE627}.Debug|iPhone.ActiveCfg = Debug|Any CPU
		{5228E218-E2D5-4668-9183-361339DDE627}.Debug|iPhone.Build.0 = Debug|Any CPU
		{5228E218-E2D5-4668-9183-361339DDE627}.Debug|iPhone.Deploy.0 = Debug|Any CPU
		{5228E218-E2D5-4668-9183-361339DDE627}.Debug|iPhoneSimulator.ActiveCfg = Debug|Any CPU
		{5228E218-E2D5-4668-9183-361339DDE627}.Debug|iPhoneSimulator.Build.0 = Debug|Any CPU
		{5228E218-E2D5-4668-9183-361339DDE627}.Debug|iPhoneSimulator.Deploy.0 = Debug|Any CPU
		{5228E218-E2D5-4668-9183-361339DDE627}.Release|Any CPU.ActiveCfg = Release|Any CPU
		{5228E218-E2D5-4668-9183-361339DDE627}.Release|Any CPU.Build.0 = Release|Any CPU
		{5228E218-E2D5-4668-9183-361339DDE627}.Release|Any CPU.Deploy.0 = Release|Any CPU
		{5228E218-E2D5-4668-9183-361339DDE627}.Release|iPhone.ActiveCfg = Release|Any CPU
		{5228E218-E2D5-4668-9183-361339DDE627}.Release|iPhone.Build.0 = Release|Any CPU
		{5228E218-E2D5-4668-9183-361339DDE627}.Release|iPhone.Deploy.0 = Release|Any CPU
		{5228E218-E2D5-4668-9183-361339DDE627}.Release|iPhoneSimulator.ActiveCfg = Release|Any CPU
		{5228E218-E2D5-4668-9183-361339DDE627}.Release|iPhoneSimulator.Build.0 = Release|Any CPU
		{5228E218-E2D5-4668-9183-361339DDE627}.Release|iPhoneSimulator.Deploy.0 = Release|Any CPU
		{9EB1215B-520A-4D77-8F0F-C8F4EE4697BF}.Debug|Any CPU.ActiveCfg = Debug|iPhone
		{9EB1215B-520A-4D77-8F0F-C8F4EE4697BF}.Debug|Any CPU.Build.0 = Debug|iPhone
		{9EB1215B-520A-4D77-8F0F-C8F4EE4697BF}.Debug|Any CPU.Deploy.0 = Debug|iPhone
		{9EB1215B-520A-4D77-8F0F-C8F4EE4697BF}.Debug|iPhone.ActiveCfg = Debug|iPhone
		{9EB1215B-520A-4D77-8F0F-C8F4EE4697BF}.Debug|iPhone.Build.0 = Debug|iPhone
		{9EB1215B-520A-4D77-8F0F-C8F4EE4697BF}.Debug|iPhone.Deploy.0 = Debug|iPhone
		{9EB1215B-520A-4D77-8F0F-C8F4EE4697BF}.Debug|iPhoneSimulator.ActiveCfg = Debug|iPhoneSimulator
		{9EB1215B-520A-4D77-8F0F-C8F4EE4697BF}.Debug|iPhoneSimulator.Build.0 = Debug|iPhoneSimulator
		{9EB1215B-520A-4D77-8F0F-C8F4EE4697BF}.Debug|iPhoneSimulator.Deploy.0 = Debug|iPhoneSimulator
		{9EB1215B-520A-4D77-8F0F-C8F4EE4697BF}.Release|Any CPU.ActiveCfg = Release|iPhoneSimulator
		{9EB1215B-520A-4D77-8F0F-C8F4EE4697BF}.Release|Any CPU.Build.0 = Release|iPhoneSimulator
		{9EB1215B-520A-4D77-8F0F-C8F4EE4697BF}.Release|Any CPU.Deploy.0 = Release|iPhoneSimulator
		{9EB1215B-520A-4D77-8F0F-C8F4EE4697BF}.Release|iPhone.ActiveCfg = Release|iPhone
		{9EB1215B-520A-4D77-8F0F-C8F4EE4697BF}.Release|iPhone.Build.0 = Release|iPhone
		{9EB1215B-520A-4D77-8F0F-C8F4EE4697BF}.Release|iPhone.Deploy.0 = Release|iPhone
		{9EB1215B-520A-4D77-8F0F-C8F4EE4697BF}.Release|iPhoneSimulator.ActiveCfg = Release|iPhoneSimulator
		{9EB1215B-520A-4D77-8F0F-C8F4EE4697BF}.Release|iPhoneSimulator.Build.0 = Release|iPhoneSimulator
		{9EB1215B-520A-4D77-8F0F-C8F4EE4697BF}.Release|iPhoneSimulator.Deploy.0 = Release|iPhoneSimulator
		{FCE5FDF7-67C8-4B53-832E-0F3C8E596B14}.Debug|Any CPU.ActiveCfg = Debug|Any CPU
		{FCE5FDF7-67C8-4B53-832E-0F3C8E596B14}.Debug|Any CPU.Build.0 = Debug|Any CPU
		{FCE5FDF7-67C8-4B53-832E-0F3C8E596B14}.Debug|Any CPU.Deploy.0 = Debug|Any CPU
		{FCE5FDF7-67C8-4B53-832E-0F3C8E596B14}.Debug|iPhone.ActiveCfg = Debug|Any CPU
		{FCE5FDF7-67C8-4B53-832E-0F3C8E596B14}.Debug|iPhone.Build.0 = Debug|Any CPU
		{FCE5FDF7-67C8-4B53-832E-0F3C8E596B14}.Debug|iPhone.Deploy.0 = Debug|Any CPU
		{FCE5FDF7-67C8-4B53-832E-0F3C8E596B14}.Debug|iPhoneSimulator.ActiveCfg = Debug|Any CPU
		{FCE5FDF7-67C8-4B53-832E-0F3C8E596B14}.Debug|iPhoneSimulator.Build.0 = Debug|Any CPU
		{FCE5FDF7-67C8-4B53-832E-0F3C8E596B14}.Debug|iPhoneSimulator.Deploy.0 = Debug|Any CPU
		{FCE5FDF7-67C8-4B53-832E-0F3C8E596B14}.Release|Any CPU.ActiveCfg = Release|Any CPU
		{FCE5FDF7-67C8-4B53-832E-0F3C8E596B14}.Release|Any CPU.Build.0 = Release|Any CPU
		{FCE5FDF7-67C8-4B53-832E-0F3C8E596B14}.Release|Any CPU.Deploy.0 = Release|Any CPU
		{FCE5FDF7-67C8-4B53-832E-0F3C8E596B14}.Release|iPhone.ActiveCfg = Release|Any CPU
		{FCE5FDF7-67C8-4B53-832E-0F3C8E596B14}.Release|iPhone.Build.0 = Release|Any CPU
		{FCE5FDF7-67C8-4B53-832E-0F3C8E596B14}.Release|iPhone.Deploy.0 = Release|Any CPU
		{FCE5FDF7-67C8-4B53-832E-0F3C8E596B14}.Release|iPhoneSimulator.ActiveCfg = Release|Any CPU
		{FCE5FDF7-67C8-4B53-832E-0F3C8E596B14}.Release|iPhoneSimulator.Build.0 = Release|Any CPU
		{FCE5FDF7-67C8-4B53-832E-0F3C8E596B14}.Release|iPhoneSimulator.Deploy.0 = Release|Any CPU
	EndGlobalSection
	GlobalSection(SolutionProperties) = preSolution
		HideSolutionNode = FALSE
	EndGlobalSection
	GlobalSection(ExtensibilityGlobals) = postSolution
		SolutionGuid = {4DDD1FE2-D364-4F1F-B3A3-6175E5627551}
	EndGlobalSection
EndGlobal
